
Microsoft Visual Studio Solution File, Format Version 12.00
# Visual Studio 15
Project("{FAE04EC0-301F-11D3-BF4B-00C04F79EFBC}") = "UnityEngine.UI", "UnityEngine.UI.csproj", "{65B338E5-2141-A76A-77DA-6914DA26B79C}"
EndProject
Project("{FAE04EC0-301F-11D3-BF4B-00C04F79EFBC}") = "UnityEngine.TestRunner", "UnityEngine.TestRunner.csproj", "{82CD808A-96C7-19F3-1E9B-DA449E0D2BEF}"
EndProject
Project("{FAE04EC0-301F-11D3-BF4B-00C04F79EFBC}") = "Unity.VisualScripting.Flow", "Unity.VisualScripting.Flow.csproj", "{539E9CB1-6E1D-B08D-58AD-FBF62BE5B908}"
EndProject
Project("{FAE04EC0-301F-11D3-BF4B-00C04F79EFBC}") = "Unity.VisualScripting.State", "Unity.VisualScripting.State.csproj", "{13699FD3-283A-0AFA-107D-12EB71A80F96}"
EndProject
Project("{FAE04EC0-301F-11D3-BF4B-00C04F79EFBC}") = "Unity.VisualScripting.Core", "Unity.VisualScripting.Core.csproj", "{683E2556-3C0B-F15C-54DE-68027E22F737}"
EndProject
Project("{FAE04EC0-301F-11D3-BF4B-00C04F79EFBC}") = "Unity.TextMeshPro", "Unity.TextMeshPro.csproj", "{FC33D489-FAF4-B938-E116-A7971A357B54}"
EndProject
Project("{FAE04EC0-301F-11D3-BF4B-00C04F79EFBC}") = "Cinemachine", "Cinemachine.csproj", "{FB68EF4D-623F-F9D6-54C0-65B06B18EBF2}"
EndProject
Project("{FAE04EC0-301F-11D3-BF4B-00C04F79EFBC}") = "Unity.Timeline", "Unity.Timeline.csproj", "{DA06AE35-FE86-5391-54E9-F9351C444785}"
EndProject
Project("{FAE04EC0-301F-11D3-BF4B-00C04F79EFBC}") = "Assembly-CSharp", "Assembly-CSharp.csproj", "{B3D6FBDE-3602-3234-BAF8-51DB17E06B25}"
EndProject
Project("{FAE04EC0-301F-11D3-BF4B-00C04F79EFBC}") = "SimpleInput.Runtime", "SimpleInput.Runtime.csproj", "{E55C8B46-5ABA-8C97-6351-954A90ED3975}"
EndProject
Project("{FAE04EC0-301F-11D3-BF4B-00C04F79EFBC}") = "Unity.PlasticSCM.Editor", "Unity.PlasticSCM.Editor.csproj", "{588CB365-2C3A-7B0D-8FAB-95F36E2E0766}"
EndProject
Project("{FAE04EC0-301F-11D3-BF4B-00C04F79EFBC}") = "Unity.VisualScripting.Core.Editor", "Unity.VisualScripting.Core.Editor.csproj", "{0EB843B3-FC01-5D47-29B1-372B04C20FAB}"
EndProject
Project("{FAE04EC0-301F-11D3-BF4B-00C04F79EFBC}") = "Unity.VisualScripting.Flow.Editor", "Unity.VisualScripting.Flow.Editor.csproj", "{41E315FF-37F6-9A1E-5ADF-FB6DF4EF54B3}"
EndProject
Project("{FAE04EC0-301F-11D3-BF4B-00C04F79EFBC}") = "Unity.VisualStudio.Editor", "Unity.VisualStudio.Editor.csproj", "{F06E8249-8EBF-08A8-5DD3-717F177AA3A8}"
EndProject
Project("{FAE04EC0-301F-11D3-BF4B-00C04F79EFBC}") = "Unity.Timeline.Editor", "Unity.Timeline.Editor.csproj", "{8C389819-4305-ABB9-D48B-CB69ED7F98CD}"
EndProject
Project("{FAE04EC0-301F-11D3-BF4B-00C04F79EFBC}") = "com.unity.cinemachine.editor", "com.unity.cinemachine.editor.csproj", "{47166CBF-54E4-0159-7FEA-472026614EAD}"
EndProject
Project("{FAE04EC0-301F-11D3-BF4B-00C04F79EFBC}") = "Unity.VisualScripting.State.Editor", "Unity.VisualScripting.State.Editor.csproj", "{FEB10F72-D456-9122-431F-D0589B611668}"
EndProject
Project("{FAE04EC0-301F-11D3-BF4B-00C04F79EFBC}") = "Unity.TextMeshPro.Editor", "Unity.TextMeshPro.Editor.csproj", "{ADA9F281-AD8F-6FC1-23F3-FC2639D9EE8B}"
EndProject
Project("{FAE04EC0-301F-11D3-BF4B-00C04F79EFBC}") = "Unity.VisualScripting.SettingsProvider.Editor", "Unity.VisualScripting.SettingsProvider.Editor.csproj", "{AC6BCC3A-1096-66BF-23C1-BD2D7B50EADA}"
EndProject
Project("{FAE04EC0-301F-11D3-BF4B-00C04F79EFBC}") = "UnityEditor.TestRunner", "UnityEditor.TestRunner.csproj", "{6B88037D-F999-8F9B-ECEA-4D711A15E79B}"
EndProject
Project("{FAE04EC0-301F-11D3-BF4B-00C04F79EFBC}") = "Unity.TestTools.CodeCoverage.Editor", "Unity.TestTools.CodeCoverage.Editor.csproj", "{10A44EB2-ADFA-47B8-A284-9DE3B80B68B0}"
EndProject
Project("{FAE04EC0-301F-11D3-BF4B-00C04F79EFBC}") = "Unity.Rider.Editor", "Unity.Rider.Editor.csproj", "{1077CF19-4E66-556B-AFE3-8A7BE6E76C8C}"
EndProject
Project("{FAE04EC0-301F-11D3-BF4B-00C04F79EFBC}") = "Unity.Performance.Profile-Analyzer.Editor", "Unity.Performance.Profile-Analyzer.Editor.csproj", "{D9D3A744-C5A3-A4B8-962D-E32AD0615BD1}"
EndProject
Project("{FAE04EC0-301F-11D3-BF4B-00C04F79EFBC}") = "Unity.VSCode.Editor", "Unity.VSCode.Editor.csproj", "{B8963A3C-1860-6932-8CFA-10F594F7AC1B}"
EndProject
Project("{FAE04EC0-301F-11D3-BF4B-00C04F79EFBC}") = "UnityEditor.UI", "UnityEditor.UI.csproj", "{C39FE729-B7F9-6F73-11A8-885E2DF360B3}"
EndProject
Project("{FAE04EC0-301F-11D3-BF4B-00C04F79EFBC}") = "Unity.TestTools.CodeCoverage.Editor.OpenCover.Model", "Unity.TestTools.CodeCoverage.Editor.OpenCover.Model.csproj", "{519BF421-3D41-CDA0-2BD6-B4642B814F51}"
EndProject
Project("{FAE04EC0-301F-11D3-BF4B-00C04F79EFBC}") = "Unity.EditorCoroutines.Editor", "Unity.EditorCoroutines.Editor.csproj", "{8291D9B6-F981-D819-7DC3-251EDD0026B1}"
EndProject
Project("{FAE04EC0-301F-11D3-BF4B-00C04F79EFBC}") = "Unity.Settings.Editor", "Unity.Settings.Editor.csproj", "{8873E08A-DDB8-8DE4-11C2-72FFE229951D}"
EndProject
Project("{FAE04EC0-301F-11D3-BF4B-00C04F79EFBC}") = "Unity.CollabProxy.Editor", "Unity.CollabProxy.Editor.csproj", "{C786097C-9F3A-E0BB-4821-70FB72149328}"
EndProject
Project("{FAE04EC0-301F-11D3-BF4B-00C04F79EFBC}") = "Unity.TestTools.CodeCoverage.Editor.OpenCover.Mono.Reflection", "Unity.TestTools.CodeCoverage.Editor.OpenCover.Mono.Reflection.csproj", "{B8D89195-4250-7CF4-C980-C78CB6625A11}"
EndProject
Project("{FAE04EC0-301F-11D3-BF4B-00C04F79EFBC}") = "Unity.VisualScripting.Shared.Editor", "Unity.VisualScripting.Shared.Editor.csproj", "{9FE6DF87-B9D0-EFB6-0A07-8CD8462BEC3D}"
EndProject
Project("{FAE04EC0-301F-11D3-BF4B-00C04F79EFBC}") = "SimpleInput.Editor", "SimpleInput.Editor.csproj", "{ABF2FBB3-782C-A5DC-E17B-1739EF5C19C4}"
EndProject
Project("{FAE04EC0-301F-11D3-BF4B-00C04F79EFBC}") = "UnityEngine.UI", "UnityEngine.UI.Player.csproj", "{12216BAC-27A6-837A-02FE-BE5A3C5CAC42}"
EndProject
Project("{FAE04EC0-301F-11D3-BF4B-00C04F79EFBC}") = "UnityEngine.TestRunner", "UnityEngine.TestRunner.Player.csproj", "{EB0D7A18-FE23-0F2C-456F-98E0AD28FD65}"
EndProject
Project("{FAE04EC0-301F-11D3-BF4B-00C04F79EFBC}") = "Unity.VisualScripting.Flow", "Unity.VisualScripting.Flow.Player.csproj", "{F17BBDC2-DAC6-FEAB-1D9D-0AE2A286DB4E}"
EndProject
Project("{FAE04EC0-301F-11D3-BF4B-00C04F79EFBC}") = "Unity.VisualScripting.State", "Unity.VisualScripting.State.Player.csproj", "{72F5CAC7-4462-5F6F-3E6F-7C4D012103D3}"
EndProject
Project("{FAE04EC0-301F-11D3-BF4B-00C04F79EFBC}") = "Unity.VisualScripting.Core", "Unity.VisualScripting.Core.Player.csproj", "{8F514313-FBA3-B6B2-93F9-F38BAC2708FE}"
EndProject
Project("{FAE04EC0-301F-11D3-BF4B-00C04F79EFBC}") = "Unity.TextMeshPro", "Unity.TextMeshPro.Player.csproj", "{2E2D5CA0-B59D-DFE2-7067-7A9EC8C7C97E}"
EndProject
Project("{FAE04EC0-301F-11D3-BF4B-00C04F79EFBC}") = "Cinemachine", "Cinemachine.Player.csproj", "{EBC23BEB-1170-38C1-F57A-6F05207D5B6A}"
EndProject
Project("{FAE04EC0-301F-11D3-BF4B-00C04F79EFBC}") = "Unity.Timeline", "Unity.Timeline.Player.csproj", "{F7D24B52-93F2-0EA9-1C2A-CF555BAF667C}"
EndProject
Project("{FAE04EC0-301F-11D3-BF4B-00C04F79EFBC}") = "Assembly-CSharp", "Assembly-CSharp.Player.csproj", "{1A79A4F8-5C54-D333-77B8-8D66A108AEA6}"
EndProject
Project("{FAE04EC0-301F-11D3-BF4B-00C04F79EFBC}") = "SimpleInput.Runtime", "SimpleInput.Runtime.Player.csproj", "{634EF7B2-7F8B-7DE1-B418-DC62446BC71A}"
EndProject
Global
	GlobalSection(SolutionConfigurationPlatforms) = preSolution
		Debug|Any CPU = Debug|Any CPU
		Release|Any CPU = Release|Any CPU
	EndGlobalSection
	GlobalSection(ProjectConfigurationPlatforms) = postSolution
		{65B338E5-2141-A76A-77DA-6914DA26B79C}.Debug|Any CPU.ActiveCfg = Debug|Any CPU
		{65B338E5-2141-A76A-77DA-6914DA26B79C}.Debug|Any CPU.Build.0 = Debug|Any CPU
		{65B338E5-2141-A76A-77DA-6914DA26B79C}.Release|Any CPU.ActiveCfg = Release|Any CPU
		{65B338E5-2141-A76A-77DA-6914DA26B79C}.Release|Any CPU.Build.0 = Release|Any CPU
		{82CD808A-96C7-19F3-1E9B-DA449E0D2BEF}.Debug|Any CPU.ActiveCfg = Debug|Any CPU
		{82CD808A-96C7-19F3-1E9B-DA449E0D2BEF}.Debug|Any CPU.Build.0 = Debug|Any CPU
		{82CD808A-96C7-19F3-1E9B-DA449E0D2BEF}.Release|Any CPU.ActiveCfg = Release|Any CPU
		{82CD808A-96C7-19F3-1E9B-DA449E0D2BEF}.Release|Any CPU.Build.0 = Release|Any CPU
		{539E9CB1-6E1D-B08D-58AD-FBF62BE5B908}.Debug|Any CPU.ActiveCfg = Debug|Any CPU
		{539E9CB1-6E1D-B08D-58AD-FBF62BE5B908}.Debug|Any CPU.Build.0 = Debug|Any CPU
		{539E9CB1-6E1D-B08D-58AD-FBF62BE5B908}.Release|Any CPU.ActiveCfg = Release|Any CPU
		{539E9CB1-6E1D-B08D-58AD-FBF62BE5B908}.Release|Any CPU.Build.0 = Release|Any CPU
		{13699FD3-283A-0AFA-107D-12EB71A80F96}.Debug|Any CPU.ActiveCfg = Debug|Any CPU
		{13699FD3-283A-0AFA-107D-12EB71A80F96}.Debug|Any CPU.Build.0 = Debug|Any CPU
		{13699FD3-283A-0AFA-107D-12EB71A80F96}.Release|Any CPU.ActiveCfg = Release|Any CPU
		{13699FD3-283A-0AFA-107D-12EB71A80F96}.Release|Any CPU.Build.0 = Release|Any CPU
		{683E2556-3C0B-F15C-54DE-68027E22F737}.Debug|Any CPU.ActiveCfg = Debug|Any CPU
		{683E2556-3C0B-F15C-54DE-68027E22F737}.Debug|Any CPU.Build.0 = Debug|Any CPU
		{683E2556-3C0B-F15C-54DE-68027E22F737}.Release|Any CPU.ActiveCfg = Release|Any CPU
		{683E2556-3C0B-F15C-54DE-68027E22F737}.Release|Any CPU.Build.0 = Release|Any CPU
		{FC33D489-FAF4-B938-E116-A7971A357B54}.Debug|Any CPU.ActiveCfg = Debug|Any CPU
		{FC33D489-FAF4-B938-E116-A7971A357B54}.Debug|Any CPU.Build.0 = Debug|Any CPU
		{FC33D489-FAF4-B938-E116-A7971A357B54}.Release|Any CPU.ActiveCfg = Release|Any CPU
		{FC33D489-FAF4-B938-E116-A7971A357B54}.Release|Any CPU.Build.0 = Release|Any CPU
		{FB68EF4D-623F-F9D6-54C0-65B06B18EBF2}.Debug|Any CPU.ActiveCfg = Debug|Any CPU
		{FB68EF4D-623F-F9D6-54C0-65B06B18EBF2}.Debug|Any CPU.Build.0 = Debug|Any CPU
		{FB68EF4D-623F-F9D6-54C0-65B06B18EBF2}.Release|Any CPU.ActiveCfg = Release|Any CPU
		{FB68EF4D-623F-F9D6-54C0-65B06B18EBF2}.Release|Any CPU.Build.0 = Release|Any CPU
		{DA06AE35-FE86-5391-54E9-F9351C444785}.Debug|Any CPU.ActiveCfg = Debug|Any CPU
		{DA06AE35-FE86-5391-54E9-F9351C444785}.Debug|Any CPU.Build.0 = Debug|Any CPU
		{DA06AE35-FE86-5391-54E9-F9351C444785}.Release|Any CPU.ActiveCfg = Release|Any CPU
		{DA06AE35-FE86-5391-54E9-F9351C444785}.Release|Any CPU.Build.0 = Release|Any CPU
		{B3D6FBDE-3602-3234-BAF8-51DB17E06B25}.Debug|Any CPU.ActiveCfg = Debug|Any CPU
		{B3D6FBDE-3602-3234-BAF8-51DB17E06B25}.Debug|Any CPU.Build.0 = Debug|Any CPU
		{B3D6FBDE-3602-3234-BAF8-51DB17E06B25}.Release|Any CPU.ActiveCfg = Release|Any CPU
		{B3D6FBDE-3602-3234-BAF8-51DB17E06B25}.Release|Any CPU.Build.0 = Release|Any CPU
		{E55C8B46-5ABA-8C97-6351-954A90ED3975}.Debug|Any CPU.ActiveCfg = Debug|Any CPU
		{E55C8B46-5ABA-8C97-6351-954A90ED3975}.Debug|Any CPU.Build.0 = Debug|Any CPU
		{E55C8B46-5ABA-8C97-6351-954A90ED3975}.Release|Any CPU.ActiveCfg = Release|Any CPU
		{E55C8B46-5ABA-8C97-6351-954A90ED3975}.Release|Any CPU.Build.0 = Release|Any CPU
		{588CB365-2C3A-7B0D-8FAB-95F36E2E0766}.Debug|Any CPU.ActiveCfg = Debug|Any CPU
		{588CB365-2C3A-7B0D-8FAB-95F36E2E0766}.Debug|Any CPU.Build.0 = Debug|Any CPU
		{588CB365-2C3A-7B0D-8FAB-95F36E2E0766}.Release|Any CPU.ActiveCfg = Release|Any CPU
		{588CB365-2C3A-7B0D-8FAB-95F36E2E0766}.Release|Any CPU.Build.0 = Release|Any CPU
		{0EB843B3-FC01-5D47-29B1-372B04C20FAB}.Debug|Any CPU.ActiveCfg = Debug|Any CPU
		{0EB843B3-FC01-5D47-29B1-372B04C20FAB}.Debug|Any CPU.Build.0 = Debug|Any CPU
		{0EB843B3-FC01-5D47-29B1-372B04C20FAB}.Release|Any CPU.ActiveCfg = Release|Any CPU
		{0EB843B3-FC01-5D47-29B1-372B04C20FAB}.Release|Any CPU.Build.0 = Release|Any CPU
		{41E315FF-37F6-9A1E-5ADF-FB6DF4EF54B3}.Debug|Any CPU.ActiveCfg = Debug|Any CPU
		{41E315FF-37F6-9A1E-5ADF-FB6DF4EF54B3}.Debug|Any CPU.Build.0 = Debug|Any CPU
		{41E315FF-37F6-9A1E-5ADF-FB6DF4EF54B3}.Release|Any CPU.ActiveCfg = Release|Any CPU
		{41E315FF-37F6-9A1E-5ADF-FB6DF4EF54B3}.Release|Any CPU.Build.0 = Release|Any CPU
		{F06E8249-8EBF-08A8-5DD3-717F177AA3A8}.Debug|Any CPU.ActiveCfg = Debug|Any CPU
		{F06E8249-8EBF-08A8-5DD3-717F177AA3A8}.Debug|Any CPU.Build.0 = Debug|Any CPU
		{F06E8249-8EBF-08A8-5DD3-717F177AA3A8}.Release|Any CPU.ActiveCfg = Release|Any CPU
		{F06E8249-8EBF-08A8-5DD3-717F177AA3A8}.Release|Any CPU.Build.0 = Release|Any CPU
		{8C389819-4305-ABB9-D48B-CB69ED7F98CD}.Debug|Any CPU.ActiveCfg = Debug|Any CPU
		{8C389819-4305-ABB9-D48B-CB69ED7F98CD}.Debug|Any CPU.Build.0 = Debug|Any CPU
		{8C389819-4305-ABB9-D48B-CB69ED7F98CD}.Release|Any CPU.ActiveCfg = Release|Any CPU
		{8C389819-4305-ABB9-D48B-CB69ED7F98CD}.Release|Any CPU.Build.0 = Release|Any CPU
		{47166CBF-54E4-0159-7FEA-472026614EAD}.Debug|Any CPU.ActiveCfg = Debug|Any CPU
		{47166CBF-54E4-0159-7FEA-472026614EAD}.Debug|Any CPU.Build.0 = Debug|Any CPU
		{47166CBF-54E4-0159-7FEA-472026614EAD}.Release|Any CPU.ActiveCfg = Release|Any CPU
		{47166CBF-54E4-0159-7FEA-472026614EAD}.Release|Any CPU.Build.0 = Release|Any CPU
		{FEB10F72-D456-9122-431F-D0589B611668}.Debug|Any CPU.ActiveCfg = Debug|Any CPU
		{FEB10F72-D456-9122-431F-D0589B611668}.Debug|Any CPU.Build.0 = Debug|Any CPU
		{FEB10F72-D456-9122-431F-D0589B611668}.Release|Any CPU.ActiveCfg = Release|Any CPU
		{FEB10F72-D456-9122-431F-D0589B611668}.Release|Any CPU.Build.0 = Release|Any CPU
		{ADA9F281-AD8F-6FC1-23F3-FC2639D9EE8B}.Debug|Any CPU.ActiveCfg = Debug|Any CPU
		{ADA9F281-AD8F-6FC1-23F3-FC2639D9EE8B}.Debug|Any CPU.Build.0 = Debug|Any CPU
		{ADA9F281-AD8F-6FC1-23F3-FC2639D9EE8B}.Release|Any CPU.ActiveCfg = Release|Any CPU
		{ADA9F281-AD8F-6FC1-23F3-FC2639D9EE8B}.Release|Any CPU.Build.0 = Release|Any CPU
		{AC6BCC3A-1096-66BF-23C1-BD2D7B50EADA}.Debug|Any CPU.ActiveCfg = Debug|Any CPU
		{AC6BCC3A-1096-66BF-23C1-BD2D7B50EADA}.Debug|Any CPU.Build.0 = Debug|Any CPU
		{AC6BCC3A-1096-66BF-23C1-BD2D7B50EADA}.Release|Any CPU.ActiveCfg = Release|Any CPU
		{AC6BCC3A-1096-66BF-23C1-BD2D7B50EADA}.Release|Any CPU.Build.0 = Release|Any CPU
		{6B88037D-F999-8F9B-ECEA-4D711A15E79B}.Debug|Any CPU.ActiveCfg = Debug|Any CPU
		{6B88037D-F999-8F9B-ECEA-4D711A15E79B}.Debug|Any CPU.Build.0 = Debug|Any CPU
		{6B88037D-F999-8F9B-ECEA-4D711A15E79B}.Release|Any CPU.ActiveCfg = Release|Any CPU
		{6B88037D-F999-8F9B-ECEA-4D711A15E79B}.Release|Any CPU.Build.0 = Release|Any CPU
		{10A44EB2-ADFA-47B8-A284-9DE3B80B68B0}.Debug|Any CPU.ActiveCfg = Debug|Any CPU
		{10A44EB2-ADFA-47B8-A284-9DE3B80B68B0}.Debug|Any CPU.Build.0 = Debug|Any CPU
		{10A44EB2-ADFA-47B8-A284-9DE3B80B68B0}.Release|Any CPU.ActiveCfg = Release|Any CPU
		{10A44EB2-ADFA-47B8-A284-9DE3B80B68B0}.Release|Any CPU.Build.0 = Release|Any CPU
		{1077CF19-4E66-556B-AFE3-8A7BE6E76C8C}.Debug|Any CPU.ActiveCfg = Debug|Any CPU
		{1077CF19-4E66-556B-AFE3-8A7BE6E76C8C}.Debug|Any CPU.Build.0 = Debug|Any CPU
		{1077CF19-4E66-556B-AFE3-8A7BE6E76C8C}.Release|Any CPU.ActiveCfg = Release|Any CPU
		{1077CF19-4E66-556B-AFE3-8A7BE6E76C8C}.Release|Any CPU.Build.0 = Release|Any CPU
		{D9D3A744-C5A3-A4B8-962D-E32AD0615BD1}.Debug|Any CPU.ActiveCfg = Debug|Any CPU
		{D9D3A744-C5A3-A4B8-962D-E32AD0615BD1}.Debug|Any CPU.Build.0 = Debug|Any CPU
		{D9D3A744-C5A3-A4B8-962D-E32AD0615BD1}.Release|Any CPU.ActiveCfg = Release|Any CPU
		{D9D3A744-C5A3-A4B8-962D-E32AD0615BD1}.Release|Any CPU.Build.0 = Release|Any CPU
		{B8963A3C-1860-6932-8CFA-10F594F7AC1B}.Debug|Any CPU.ActiveCfg = Debug|Any CPU
		{B8963A3C-1860-6932-8CFA-10F594F7AC1B}.Debug|Any CPU.Build.0 = Debug|Any CPU
		{B8963A3C-1860-6932-8CFA-10F594F7AC1B}.Release|Any CPU.ActiveCfg = Release|Any CPU
		{B8963A3C-1860-6932-8CFA-10F594F7AC1B}.Release|Any CPU.Build.0 = Release|Any CPU
		{C39FE729-B7F9-6F73-11A8-885E2DF360B3}.Debug|Any CPU.ActiveCfg = Debug|Any CPU
		{C39FE729-B7F9-6F73-11A8-885E2DF360B3}.Debug|Any CPU.Build.0 = Debug|Any CPU
		{C39FE729-B7F9-6F73-11A8-885E2DF360B3}.Release|Any CPU.ActiveCfg = Release|Any CPU
		{C39FE729-B7F9-6F73-11A8-885E2DF360B3}.Release|Any CPU.Build.0 = Release|Any CPU
		{519BF421-3D41-CDA0-2BD6-B4642B814F51}.Debug|Any CPU.ActiveCfg = Debug|Any CPU
		{519BF421-3D41-CDA0-2BD6-B4642B814F51}.Debug|Any CPU.Build.0 = Debug|Any CPU
		{519BF421-3D41-CDA0-2BD6-B4642B814F51}.Release|Any CPU.ActiveCfg = Release|Any CPU
		{519BF421-3D41-CDA0-2BD6-B4642B814F51}.Release|Any CPU.Build.0 = Release|Any CPU
		{8291D9B6-F981-D819-7DC3-251EDD0026B1}.Debug|Any CPU.ActiveCfg = Debug|Any CPU
		{8291D9B6-F981-D819-7DC3-251EDD0026B1}.Debug|Any CPU.Build.0 = Debug|Any CPU
		{8291D9B6-F981-D819-7DC3-251EDD0026B1}.Release|Any CPU.ActiveCfg = Release|Any CPU
		{8291D9B6-F981-D819-7DC3-251EDD0026B1}.Release|Any CPU.Build.0 = Release|Any CPU
		{8873E08A-DDB8-8DE4-11C2-72FFE229951D}.Debug|Any CPU.ActiveCfg = Debug|Any CPU
		{8873E08A-DDB8-8DE4-11C2-72FFE229951D}.Debug|Any CPU.Build.0 = Debug|Any CPU
		{8873E08A-DDB8-8DE4-11C2-72FFE229951D}.Release|Any CPU.ActiveCfg = Release|Any CPU
		{8873E08A-DDB8-8DE4-11C2-72FFE229951D}.Release|Any CPU.Build.0 = Release|Any CPU
		{C786097C-9F3A-E0BB-4821-70FB72149328}.Debug|Any CPU.ActiveCfg = Debug|Any CPU
		{C786097C-9F3A-E0BB-4821-70FB72149328}.Debug|Any CPU.Build.0 = Debug|Any CPU
		{C786097C-9F3A-E0BB-4821-70FB72149328}.Release|Any CPU.ActiveCfg = Release|Any CPU
		{C786097C-9F3A-E0BB-4821-70FB72149328}.Release|Any CPU.Build.0 = Release|Any CPU
		{B8D89195-4250-7CF4-C980-C78CB6625A11}.Debug|Any CPU.ActiveCfg = Debug|Any CPU
		{B8D89195-4250-7CF4-C980-C78CB6625A11}.Debug|Any CPU.Build.0 = Debug|Any CPU
		{B8D89195-4250-7CF4-C980-C78CB6625A11}.Release|Any CPU.ActiveCfg = Release|Any CPU
		{B8D89195-4250-7CF4-C980-C78CB6625A11}.Release|Any CPU.Build.0 = Release|Any CPU
		{9FE6DF87-B9D0-EFB6-0A07-8CD8462BEC3D}.Debug|Any CPU.ActiveCfg = Debug|Any CPU
		{9FE6DF87-B9D0-EFB6-0A07-8CD8462BEC3D}.Debug|Any CPU.Build.0 = Debug|Any CPU
		{9FE6DF87-B9D0-EFB6-0A07-8CD8462BEC3D}.Release|Any CPU.ActiveCfg = Release|Any CPU
		{9FE6DF87-B9D0-EFB6-0A07-8CD8462BEC3D}.Release|Any CPU.Build.0 = Release|Any CPU
		{ABF2FBB3-782C-A5DC-E17B-1739EF5C19C4}.Debug|Any CPU.ActiveCfg = Debug|Any CPU
		{ABF2FBB3-782C-A5DC-E17B-1739EF5C19C4}.Debug|Any CPU.Build.0 = Debug|Any CPU
		{ABF2FBB3-782C-A5DC-E17B-1739EF5C19C4}.Release|Any CPU.ActiveCfg = Release|Any CPU
		{ABF2FBB3-782C-A5DC-E17B-1739EF5C19C4}.Release|Any CPU.Build.0 = Release|Any CPU
		{12216BAC-27A6-837A-02FE-BE5A3C5CAC42}.Debug|Any CPU.ActiveCfg = Debug|Any CPU
		{12216BAC-27A6-837A-02FE-BE5A3C5CAC42}.Debug|Any CPU.Build.0 = Debug|Any CPU
		{12216BAC-27A6-837A-02FE-BE5A3C5CAC42}.Release|Any CPU.ActiveCfg = Release|Any CPU
		{12216BAC-27A6-837A-02FE-BE5A3C5CAC42}.Release|Any CPU.Build.0 = Release|Any CPU
		{EB0D7A18-FE23-0F2C-456F-98E0AD28FD65}.Debug|Any CPU.ActiveCfg = Debug|Any CPU
		{EB0D7A18-FE23-0F2C-456F-98E0AD28FD65}.Debug|Any CPU.Build.0 = Debug|Any CPU
		{EB0D7A18-FE23-0F2C-456F-98E0AD28FD65}.Release|Any CPU.ActiveCfg = Release|Any CPU
		{EB0D7A18-FE23-0F2C-456F-98E0AD28FD65}.Release|Any CPU.Build.0 = Release|Any CPU
		{F17BBDC2-DAC6-FEAB-1D9D-0AE2A286DB4E}.Debug|Any CPU.ActiveCfg = Debug|Any CPU
		{F17BBDC2-DAC6-FEAB-1D9D-0AE2A286DB4E}.Debug|Any CPU.Build.0 = Debug|Any CPU
		{F17BBDC2-DAC6-FEAB-1D9D-0AE2A286DB4E}.Release|Any CPU.ActiveCfg = Release|Any CPU
		{F17BBDC2-DAC6-FEAB-1D9D-0AE2A286DB4E}.Release|Any CPU.Build.0 = Release|Any CPU
		{72F5CAC7-4462-5F6F-3E6F-7C4D012103D3}.Debug|Any CPU.ActiveCfg = Debug|Any CPU
		{72F5CAC7-4462-5F6F-3E6F-7C4D012103D3}.Debug|Any CPU.Build.0 = Debug|Any CPU
		{72F5CAC7-4462-5F6F-3E6F-7C4D012103D3}.Release|Any CPU.ActiveCfg = Release|Any CPU
		{72F5CAC7-4462-5F6F-3E6F-7C4D012103D3}.Release|Any CPU.Build.0 = Release|Any CPU
		{8F514313-FBA3-B6B2-93F9-F38BAC2708FE}.Debug|Any CPU.ActiveCfg = Debug|Any CPU
		{8F514313-FBA3-B6B2-93F9-F38BAC2708FE}.Debug|Any CPU.Build.0 = Debug|Any CPU
		{8F514313-FBA3-B6B2-93F9-F38BAC2708FE}.Release|Any CPU.ActiveCfg = Release|Any CPU
		{8F514313-FBA3-B6B2-93F9-F38BAC2708FE}.Release|Any CPU.Build.0 = Release|Any CPU
		{2E2D5CA0-B59D-DFE2-7067-7A9EC8C7C97E}.Debug|Any CPU.ActiveCfg = Debug|Any CPU
		{2E2D5CA0-B59D-DFE2-7067-7A9EC8C7C97E}.Debug|Any CPU.Build.0 = Debug|Any CPU
		{2E2D5CA0-B59D-DFE2-7067-7A9EC8C7C97E}.Release|Any CPU.ActiveCfg = Release|Any CPU
		{2E2D5CA0-B59D-DFE2-7067-7A9EC8C7C97E}.Release|Any CPU.Build.0 = Release|Any CPU
		{EBC23BEB-1170-38C1-F57A-6F05207D5B6A}.Debug|Any CPU.ActiveCfg = Debug|Any CPU
		{EBC23BEB-1170-38C1-F57A-6F05207D5B6A}.Debug|Any CPU.Build.0 = Debug|Any CPU
		{EBC23BEB-1170-38C1-F57A-6F05207D5B6A}.Release|Any CPU.ActiveCfg = Release|Any CPU
		{EBC23BEB-1170-38C1-F57A-6F05207D5B6A}.Release|Any CPU.Build.0 = Release|Any CPU
		{F7D24B52-93F2-0EA9-1C2A-CF555BAF667C}.Debug|Any CPU.ActiveCfg = Debug|Any CPU
		{F7D24B52-93F2-0EA9-1C2A-CF555BAF667C}.Debug|Any CPU.Build.0 = Debug|Any CPU
		{F7D24B52-93F2-0EA9-1C2A-CF555BAF667C}.Release|Any CPU.ActiveCfg = Release|Any CPU
		{F7D24B52-93F2-0EA9-1C2A-CF555BAF667C}.Release|Any CPU.Build.0 = Release|Any CPU
		{1A79A4F8-5C54-D333-77B8-8D66A108AEA6}.Debug|Any CPU.ActiveCfg = Debug|Any CPU
		{1A79A4F8-5C54-D333-77B8-8D66A108AEA6}.Debug|Any CPU.Build.0 = Debug|Any CPU
		{1A79A4F8-5C54-D333-77B8-8D66A108AEA6}.Release|Any CPU.ActiveCfg = Release|Any CPU
		{1A79A4F8-5C54-D333-77B8-8D66A108AEA6}.Release|Any CPU.Build.0 = Release|Any CPU
		{634EF7B2-7F8B-7DE1-B418-DC62446BC71A}.Debug|Any CPU.ActiveCfg = Debug|Any CPU
		{634EF7B2-7F8B-7DE1-B418-DC62446BC71A}.Debug|Any CPU.Build.0 = Debug|Any CPU
		{634EF7B2-7F8B-7DE1-B418-DC62446BC71A}.Release|Any CPU.ActiveCfg = Release|Any CPU
		{634EF7B2-7F8B-7DE1-B418-DC62446BC71A}.Release|Any CPU.Build.0 = Release|Any CPU
	EndGlobalSection
	GlobalSection(SolutionProperties) = preSolution
		HideSolutionNode = FALSE
	EndGlobalSection
EndGlobal
